
Microsoft Visual Studio Solution File, Format Version 12.00
# Visual Studio Version 17
VisualStudioVersion = 17.11.35303.130
MinimumVisualStudioVersion = 10.0.40219.1
Project("{9A19103F-16F7-4668-BE54-9A1E7A4F7556}") = "ServiceWebAPI", "ServiceWebAPI\ServiceWebAPI.csproj", "{302F4953-5FFE-4CEC-BED6-558CD898B71C}"
EndProject
Project("{9A19103F-16F7-4668-BE54-9A1E7A4F7556}") = "UIMvcApp", "UIMvcApp\UIMvcApp.csproj", "{AEA4D87B-71AF-4909-9869-71E44120EFA6}"
EndProject
Project("{2150E333-8FDC-42A3-9474-1A3956D46DE8}") = "Solution Items", "Solution Items", "{977744AE-656B-47C9-B517-7EB64CCE07B9}"
	ProjectSection(SolutionItems) = preProject
		.gitattributes = .gitattributes
		.gitignore = .gitignore
	EndProjectSection
EndProject
Project("{9A19103F-16F7-4668-BE54-9A1E7A4F7556}") = "Kinde.DemoMVC", "Kinde.DemoMVC\Kinde.DemoMVC.csproj", "{16DFF0EF-202E-493E-B335-1B4F16479CBE}"
EndProject
Global
	GlobalSection(SolutionConfigurationPlatforms) = preSolution
		Debug|Any CPU = Debug|Any CPU
		Release|Any CPU = Release|Any CPU
	EndGlobalSection
	GlobalSection(ProjectConfigurationPlatforms) = postSolution
		{302F4953-5FFE-4CEC-BED6-558CD898B71C}.Debug|Any CPU.ActiveCfg = Debug|Any CPU
		{302F4953-5FFE-4CEC-BED6-558CD898B71C}.Debug|Any CPU.Build.0 = Debug|Any CPU
		{302F4953-5FFE-4CEC-BED6-558CD898B71C}.Release|Any CPU.ActiveCfg = Release|Any CPU
		{302F4953-5FFE-4CEC-BED6-558CD898B71C}.Release|Any CPU.Build.0 = Release|Any CPU
		{AEA4D87B-71AF-4909-9869-71E44120EFA6}.Debug|Any CPU.ActiveCfg = Debug|Any CPU
		{AEA4D87B-71AF-4909-9869-71E44120EFA6}.Debug|Any CPU.Build.0 = Debug|Any CPU
		{AEA4D87B-71AF-4909-9869-71E44120EFA6}.Release|Any CPU.ActiveCfg = Release|Any CPU
		{AEA4D87B-71AF-4909-9869-71E44120EFA6}.Release|Any CPU.Build.0 = Release|Any CPU
		{16DFF0EF-202E-493E-B335-1B4F16479CBE}.Debug|Any CPU.ActiveCfg = Debug|Any CPU
		{16DFF0EF-202E-493E-B335-1B4F16479CBE}.Debug|Any CPU.Build.0 = Debug|Any CPU
		{16DFF0EF-202E-493E-B335-1B4F16479CBE}.Release|Any CPU.ActiveCfg = Release|Any CPU
		{16DFF0EF-202E-493E-B335-1B4F16479CBE}.Release|Any CPU.Build.0 = Release|Any CPU
	EndGlobalSection
	GlobalSection(SolutionProperties) = preSolution
		HideSolutionNode = FALSE
	EndGlobalSection
	GlobalSection(ExtensibilityGlobals) = postSolution
		SolutionGuid = {16E7232A-B328-4B85-82FB-4C0F5194311F}
	EndGlobalSection
EndGlobal
